
Microsoft Visual Studio Solution File, Format Version 12.00
# Visual Studio Version 17
VisualStudioVersion = 17.14.36414.22 d17.14
MinimumVisualStudioVersion = 10.0.40219.1
Project("{FAE04EC0-301F-11D3-BF4B-00C04F79EFBC}") = "Alertify", "Alertify\Alertify.csproj", "{6961484C-219B-4A6C-B61C-C38C9A115E0B}"
EndProject
Global
	GlobalSection(SolutionConfigurationPlatforms) = preSolution
		Debug|Any CPU = Debug|Any CPU
		Release|Any CPU = Release|Any CPU
	EndGlobalSection
	GlobalSection(ProjectConfigurationPlatforms) = postSolution
		{6961484C-219B-4A6C-B61C-C38C9A115E0B}.Debug|Any CPU.ActiveCfg = Debug|Any CPU
		{6961484C-219B-4A6C-B61C-C38C9A115E0B}.Debug|Any CPU.Build.0 = Debug|Any CPU
		{6961484C-219B-4A6C-B61C-C38C9A115E0B}.Release|Any CPU.ActiveCfg = Release|Any CPU
		{6961484C-219B-4A6C-B61C-C38C9A115E0B}.Release|Any CPU.Build.0 = Release|Any CPU
	EndGlobalSection
	GlobalSection(SolutionProperties) = preSolution
		HideSolutionNode = FALSE
	EndGlobalSection
	GlobalSection(ExtensibilityGlobals) = postSolution
		SolutionGuid = {C5937DFA-AF13-4836-A8F9-73DDF2A3FE7A}
	EndGlobalSection
EndGlobal
